// !$*UTF8*$!
{
	archiveVersion = 1;
	classes = {
	};
	objectVersion = 46;
	objects = {

/* Begin PBXBuildFile section */
		43460EF0208748C2002831C8 /* TextViewController.swift in Sources */ = {isa = PBXBuildFile; fileRef = 43460EEF208748C2002831C8 /* TextViewController.swift */; };
		4349C29F20844D510080E80F /* WebViewController.swift in Sources */ = {isa = PBXBuildFile; fileRef = 4349C29E20844D510080E80F /* WebViewController.swift */; };
		4349C2ED2084A6D30080E80F /* ZBBRunShell.h in Headers */ = {isa = PBXBuildFile; fileRef = 4349C2EB2084A6D30080E80F /* ZBBRunShell.h */; settings = {ATTRIBUTES = (Public, ); }; };
		4349C2F02084A6D30080E80F /* ZBBRunShell.framework in Frameworks */ = {isa = PBXBuildFile; fileRef = 4349C2E92084A6D30080E80F /* ZBBRunShell.framework */; };
		4349C2F12084A6D30080E80F /* ZBBRunShell.framework in Embed Frameworks */ = {isa = PBXBuildFile; fileRef = 4349C2E92084A6D30080E80F /* ZBBRunShell.framework */; settings = {ATTRIBUTES = (CodeSignOnCopy, RemoveHeadersOnCopy, ); }; };
		4349C2F72084A74C0080E80F /* ZBBRunShellManager.h in Headers */ = {isa = PBXBuildFile; fileRef = 4349C2F52084A74C0080E80F /* ZBBRunShellManager.h */; settings = {ATTRIBUTES = (Public, ); }; };
		4349C2F82084A74C0080E80F /* ZBBRunShellManager.m in Sources */ = {isa = PBXBuildFile; fileRef = 4349C2F62084A74C0080E80F /* ZBBRunShellManager.m */; };
		4349C2F92084A8590080E80F /* NodeService.sh in Resources */ = {isa = PBXBuildFile; fileRef = 4349C2D22084A1A20080E80F /* NodeService.sh */; };
		439545021E50A6B500F97267 /* AppDelegate.swift in Sources */ = {isa = PBXBuildFile; fileRef = 439545011E50A6B500F97267 /* AppDelegate.swift */; };
		439545041E50A6B500F97267 /* ViewController.swift in Sources */ = {isa = PBXBuildFile; fileRef = 439545031E50A6B500F97267 /* ViewController.swift */; };
		439545071E50A6B500F97267 /* Main.storyboard in Resources */ = {isa = PBXBuildFile; fileRef = 439545051E50A6B500F97267 /* Main.storyboard */; };
		4395450A1E50A6B500F97267 /* ZBBLearnSwift.xcdatamodeld in Sources */ = {isa = PBXBuildFile; fileRef = 439545081E50A6B500F97267 /* ZBBLearnSwift.xcdatamodeld */; };
		4395450C1E50A6B500F97267 /* Assets.xcassets in Resources */ = {isa = PBXBuildFile; fileRef = 4395450B1E50A6B500F97267 /* Assets.xcassets */; };
		4395450F1E50A6B500F97267 /* LaunchScreen.storyboard in Resources */ = {isa = PBXBuildFile; fileRef = 4395450D1E50A6B500F97267 /* LaunchScreen.storyboard */; };
		4395451A1E50A6B500F97267 /* ZBBLearnSwiftTests.swift in Sources */ = {isa = PBXBuildFile; fileRef = 439545191E50A6B500F97267 /* ZBBLearnSwiftTests.swift */; };
		439545251E50A6B500F97267 /* ZBBLearnSwiftUITests.swift in Sources */ = {isa = PBXBuildFile; fileRef = 439545241E50A6B500F97267 /* ZBBLearnSwiftUITests.swift */; };
		439545361E50ADEB00F97267 /* QuickLook.framework in Frameworks */ = {isa = PBXBuildFile; fileRef = 439545351E50ADEB00F97267 /* QuickLook.framework */; };
/* End PBXBuildFile section */

/* Begin PBXContainerItemProxy section */
		4349C2EE2084A6D30080E80F /* PBXContainerItemProxy */ = {
			isa = PBXContainerItemProxy;
			containerPortal = 439544F61E50A6B500F97267 /* Project object */;
			proxyType = 1;
			remoteGlobalIDString = 4349C2E82084A6D30080E80F;
			remoteInfo = ZBBRunShell;
		};
		439545161E50A6B500F97267 /* PBXContainerItemProxy */ = {
			isa = PBXContainerItemProxy;
			containerPortal = 439544F61E50A6B500F97267 /* Project object */;
			proxyType = 1;
			remoteGlobalIDString = 439544FD1E50A6B500F97267;
			remoteInfo = ZBBLearnSwift;
		};
		439545211E50A6B500F97267 /* PBXContainerItemProxy */ = {
			isa = PBXContainerItemProxy;
			containerPortal = 439544F61E50A6B500F97267 /* Project object */;
			proxyType = 1;
			remoteGlobalIDString = 439544FD1E50A6B500F97267;
			remoteInfo = ZBBLearnSwift;
		};
/* End PBXContainerItemProxy section */

/* Begin PBXCopyFilesBuildPhase section */
		4349C2D020849E850080E80F /* Embed Frameworks */ = {
			isa = PBXCopyFilesBuildPhase;
			buildActionMask = 2147483647;
			dstPath = "";
			dstSubfolderSpec = 10;
			files = (
				4349C2F12084A6D30080E80F /* ZBBRunShell.framework in Embed Frameworks */,
			);
			name = "Embed Frameworks";
			runOnlyForDeploymentPostprocessing = 0;
		};
/* End PBXCopyFilesBuildPhase section */

/* Begin PBXFileReference section */
		43460EEF208748C2002831C8 /* TextViewController.swift */ = {isa = PBXFileReference; lastKnownFileType = sourcecode.swift; path = TextViewController.swift; sourceTree = "<group>"; };
		4349C29E20844D510080E80F /* WebViewController.swift */ = {isa = PBXFileReference; lastKnownFileType = sourcecode.swift; path = WebViewController.swift; sourceTree = "<group>"; };
		4349C2D22084A1A20080E80F /* NodeService.sh */ = {isa = PBXFileReference; lastKnownFileType = text.script.sh; path = NodeService.sh; sourceTree = "<group>"; };
		4349C2E92084A6D30080E80F /* ZBBRunShell.framework */ = {isa = PBXFileReference; explicitFileType = wrapper.framework; includeInIndex = 0; path = ZBBRunShell.framework; sourceTree = BUILT_PRODUCTS_DIR; };
		4349C2EB2084A6D30080E80F /* ZBBRunShell.h */ = {isa = PBXFileReference; lastKnownFileType = sourcecode.c.h; path = ZBBRunShell.h; sourceTree = "<group>"; };
		4349C2EC2084A6D30080E80F /* Info.plist */ = {isa = PBXFileReference; lastKnownFileType = text.plist.xml; path = Info.plist; sourceTree = "<group>"; };
		4349C2F52084A74C0080E80F /* ZBBRunShellManager.h */ = {isa = PBXFileReference; lastKnownFileType = sourcecode.c.h; path = ZBBRunShellManager.h; sourceTree = "<group>"; };
		4349C2F62084A74C0080E80F /* ZBBRunShellManager.m */ = {isa = PBXFileReference; lastKnownFileType = sourcecode.c.objc; path = ZBBRunShellManager.m; sourceTree = "<group>"; };
		4349C2FB2084B1C10080E80F /* ZBBLearnSwift-Swift.h */ = {isa = PBXFileReference; lastKnownFileType = sourcecode.c.h; path = "ZBBLearnSwift-Swift.h"; sourceTree = "<group>"; };
		439544FE1E50A6B500F97267 /* ZBBLearnSwift.app */ = {isa = PBXFileReference; explicitFileType = wrapper.application; includeInIndex = 0; path = ZBBLearnSwift.app; sourceTree = BUILT_PRODUCTS_DIR; };
		439545011E50A6B500F97267 /* AppDelegate.swift */ = {isa = PBXFileReference; lastKnownFileType = sourcecode.swift; path = AppDelegate.swift; sourceTree = "<group>"; };
		439545031E50A6B500F97267 /* ViewController.swift */ = {isa = PBXFileReference; lastKnownFileType = sourcecode.swift; path = ViewController.swift; sourceTree = "<group>"; };
		439545061E50A6B500F97267 /* Base */ = {isa = PBXFileReference; lastKnownFileType = file.storyboard; name = Base; path = Base.lproj/Main.storyboard; sourceTree = "<group>"; };
		439545091E50A6B500F97267 /* ZBBLearnSwift.xcdatamodel */ = {isa = PBXFileReference; lastKnownFileType = wrapper.xcdatamodel; path = ZBBLearnSwift.xcdatamodel; sourceTree = "<group>"; };
		4395450B1E50A6B500F97267 /* Assets.xcassets */ = {isa = PBXFileReference; lastKnownFileType = folder.assetcatalog; path = Assets.xcassets; sourceTree = "<group>"; };
		4395450E1E50A6B500F97267 /* Base */ = {isa = PBXFileReference; lastKnownFileType = file.storyboard; name = Base; path = Base.lproj/LaunchScreen.storyboard; sourceTree = "<group>"; };
		439545101E50A6B500F97267 /* Info.plist */ = {isa = PBXFileReference; lastKnownFileType = text.plist.xml; path = Info.plist; sourceTree = "<group>"; };
		439545151E50A6B500F97267 /* ZBBLearnSwiftTests.xctest */ = {isa = PBXFileReference; explicitFileType = wrapper.cfbundle; includeInIndex = 0; path = ZBBLearnSwiftTests.xctest; sourceTree = BUILT_PRODUCTS_DIR; };
		439545191E50A6B500F97267 /* ZBBLearnSwiftTests.swift */ = {isa = PBXFileReference; lastKnownFileType = sourcecode.swift; path = ZBBLearnSwiftTests.swift; sourceTree = "<group>"; };
		4395451B1E50A6B500F97267 /* Info.plist */ = {isa = PBXFileReference; lastKnownFileType = text.plist.xml; path = Info.plist; sourceTree = "<group>"; };
		439545201E50A6B500F97267 /* ZBBLearnSwiftUITests.xctest */ = {isa = PBXFileReference; explicitFileType = wrapper.cfbundle; includeInIndex = 0; path = ZBBLearnSwiftUITests.xctest; sourceTree = BUILT_PRODUCTS_DIR; };
		439545241E50A6B500F97267 /* ZBBLearnSwiftUITests.swift */ = {isa = PBXFileReference; lastKnownFileType = sourcecode.swift; path = ZBBLearnSwiftUITests.swift; sourceTree = "<group>"; };
		439545261E50A6B500F97267 /* Info.plist */ = {isa = PBXFileReference; lastKnownFileType = text.plist.xml; path = Info.plist; sourceTree = "<group>"; };
		439545351E50ADEB00F97267 /* QuickLook.framework */ = {isa = PBXFileReference; lastKnownFileType = wrapper.framework; name = QuickLook.framework; path = System/Library/Frameworks/QuickLook.framework; sourceTree = SDKROOT; };
/* End PBXFileReference section */

/* Begin PBXFrameworksBuildPhase section */
		4349C2E52084A6D30080E80F /* Frameworks */ = {
			isa = PBXFrameworksBuildPhase;
			buildActionMask = 2147483647;
			files = (
			);
			runOnlyForDeploymentPostprocessing = 0;
		};
		439544FB1E50A6B500F97267 /* Frameworks */ = {
			isa = PBXFrameworksBuildPhase;
			buildActionMask = 2147483647;
			files = (
				4349C2F02084A6D30080E80F /* ZBBRunShell.framework in Frameworks */,
				439545361E50ADEB00F97267 /* QuickLook.framework in Frameworks */,
			);
			runOnlyForDeploymentPostprocessing = 0;
		};
		439545121E50A6B500F97267 /* Frameworks */ = {
			isa = PBXFrameworksBuildPhase;
			buildActionMask = 2147483647;
			files = (
			);
			runOnlyForDeploymentPostprocessing = 0;
		};
		4395451D1E50A6B500F97267 /* Frameworks */ = {
			isa = PBXFrameworksBuildPhase;
			buildActionMask = 2147483647;
			files = (
			);
			runOnlyForDeploymentPostprocessing = 0;
		};
/* End PBXFrameworksBuildPhase section */

/* Begin PBXGroup section */
		4349C2EA2084A6D30080E80F /* ZBBRunShell */ = {
			isa = PBXGroup;
			children = (
				4349C2D22084A1A20080E80F /* NodeService.sh */,
				4349C2EB2084A6D30080E80F /* ZBBRunShell.h */,
				4349C2F52084A74C0080E80F /* ZBBRunShellManager.h */,
				4349C2F62084A74C0080E80F /* ZBBRunShellManager.m */,
				4349C2EC2084A6D30080E80F /* Info.plist */,
			);
			path = ZBBRunShell;
			sourceTree = "<group>";
		};
		439544F51E50A6B500F97267 = {
			isa = PBXGroup;
			children = (
				439545001E50A6B500F97267 /* ZBBLearnSwift */,
				439545181E50A6B500F97267 /* ZBBLearnSwiftTests */,
				439545231E50A6B500F97267 /* ZBBLearnSwiftUITests */,
				4349C2EA2084A6D30080E80F /* ZBBRunShell */,
				439544FF1E50A6B500F97267 /* Products */,
				439545341E50ADEB00F97267 /* Frameworks */,
			);
			sourceTree = "<group>";
		};
		439544FF1E50A6B500F97267 /* Products */ = {
			isa = PBXGroup;
			children = (
				439544FE1E50A6B500F97267 /* ZBBLearnSwift.app */,
				439545151E50A6B500F97267 /* ZBBLearnSwiftTests.xctest */,
				439545201E50A6B500F97267 /* ZBBLearnSwiftUITests.xctest */,
				4349C2E92084A6D30080E80F /* ZBBRunShell.framework */,
			);
			name = Products;
			sourceTree = "<group>";
		};
		439545001E50A6B500F97267 /* ZBBLearnSwift */ = {
			isa = PBXGroup;
			children = (
				439545011E50A6B500F97267 /* AppDelegate.swift */,
				439545031E50A6B500F97267 /* ViewController.swift */,
				4349C29E20844D510080E80F /* WebViewController.swift */,
				43460EEF208748C2002831C8 /* TextViewController.swift */,
				4349C2FB2084B1C10080E80F /* ZBBLearnSwift-Swift.h */,
				439545051E50A6B500F97267 /* Main.storyboard */,
				4395450B1E50A6B500F97267 /* Assets.xcassets */,
				4395450D1E50A6B500F97267 /* LaunchScreen.storyboard */,
				439545101E50A6B500F97267 /* Info.plist */,
				439545081E50A6B500F97267 /* ZBBLearnSwift.xcdatamodeld */,
			);
			path = ZBBLearnSwift;
			sourceTree = "<group>";
		};
		439545181E50A6B500F97267 /* ZBBLearnSwiftTests */ = {
			isa = PBXGroup;
			children = (
				439545191E50A6B500F97267 /* ZBBLearnSwiftTests.swift */,
				4395451B1E50A6B500F97267 /* Info.plist */,
			);
			path = ZBBLearnSwiftTests;
			sourceTree = "<group>";
		};
		439545231E50A6B500F97267 /* ZBBLearnSwiftUITests */ = {
			isa = PBXGroup;
			children = (
				439545241E50A6B500F97267 /* ZBBLearnSwiftUITests.swift */,
				439545261E50A6B500F97267 /* Info.plist */,
			);
			path = ZBBLearnSwiftUITests;
			sourceTree = "<group>";
		};
		439545341E50ADEB00F97267 /* Frameworks */ = {
			isa = PBXGroup;
			children = (
				439545351E50ADEB00F97267 /* QuickLook.framework */,
			);
			name = Frameworks;
			sourceTree = "<group>";
		};
/* End PBXGroup section */

/* Begin PBXHeadersBuildPhase section */
		4349C2E62084A6D30080E80F /* Headers */ = {
			isa = PBXHeadersBuildPhase;
			buildActionMask = 2147483647;
			files = (
				4349C2F72084A74C0080E80F /* ZBBRunShellManager.h in Headers */,
				4349C2ED2084A6D30080E80F /* ZBBRunShell.h in Headers */,
			);
			runOnlyForDeploymentPostprocessing = 0;
		};
/* End PBXHeadersBuildPhase section */

/* Begin PBXNativeTarget section */
		4349C2E82084A6D30080E80F /* ZBBRunShell */ = {
			isa = PBXNativeTarget;
			buildConfigurationList = 4349C2F22084A6D30080E80F /* Build configuration list for PBXNativeTarget "ZBBRunShell" */;
			buildPhases = (
				4349C2E42084A6D30080E80F /* Sources */,
				4349C2E52084A6D30080E80F /* Frameworks */,
				4349C2E62084A6D30080E80F /* Headers */,
				4349C2E72084A6D30080E80F /* Resources */,
			);
			buildRules = (
			);
			dependencies = (
			);
			name = ZBBRunShell;
			productName = ZBBRunShell;
			productReference = 4349C2E92084A6D30080E80F /* ZBBRunShell.framework */;
			productType = "com.apple.product-type.framework";
		};
		439544FD1E50A6B500F97267 /* ZBBLearnSwift */ = {
			isa = PBXNativeTarget;
			buildConfigurationList = 439545291E50A6B500F97267 /* Build configuration list for PBXNativeTarget "ZBBLearnSwift" */;
			buildPhases = (
				439544FA1E50A6B500F97267 /* Sources */,
				439544FB1E50A6B500F97267 /* Frameworks */,
				439544FC1E50A6B500F97267 /* Resources */,
				4349C2A0208495150080E80F /* Run Script */,
				4349C2D020849E850080E80F /* Embed Frameworks */,
			);
			buildRules = (
			);
			dependencies = (
				4349C2EF2084A6D30080E80F /* PBXTargetDependency */,
			);
			name = ZBBLearnSwift;
			productName = ZBBLearnSwift;
			productReference = 439544FE1E50A6B500F97267 /* ZBBLearnSwift.app */;
			productType = "com.apple.product-type.application";
		};
		439545141E50A6B500F97267 /* ZBBLearnSwiftTests */ = {
			isa = PBXNativeTarget;
			buildConfigurationList = 4395452C1E50A6B500F97267 /* Build configuration list for PBXNativeTarget "ZBBLearnSwiftTests" */;
			buildPhases = (
				439545111E50A6B500F97267 /* Sources */,
				439545121E50A6B500F97267 /* Frameworks */,
				439545131E50A6B500F97267 /* Resources */,
			);
			buildRules = (
			);
			dependencies = (
				439545171E50A6B500F97267 /* PBXTargetDependency */,
			);
			name = ZBBLearnSwiftTests;
			productName = ZBBLearnSwiftTests;
			productReference = 439545151E50A6B500F97267 /* ZBBLearnSwiftTests.xctest */;
			productType = "com.apple.product-type.bundle.unit-test";
		};
		4395451F1E50A6B500F97267 /* ZBBLearnSwiftUITests */ = {
			isa = PBXNativeTarget;
			buildConfigurationList = 4395452F1E50A6B500F97267 /* Build configuration list for PBXNativeTarget "ZBBLearnSwiftUITests" */;
			buildPhases = (
				4395451C1E50A6B500F97267 /* Sources */,
				4395451D1E50A6B500F97267 /* Frameworks */,
				4395451E1E50A6B500F97267 /* Resources */,
			);
			buildRules = (
			);
			dependencies = (
				439545221E50A6B500F97267 /* PBXTargetDependency */,
			);
			name = ZBBLearnSwiftUITests;
			productName = ZBBLearnSwiftUITests;
			productReference = 439545201E50A6B500F97267 /* ZBBLearnSwiftUITests.xctest */;
			productType = "com.apple.product-type.bundle.ui-testing";
		};
/* End PBXNativeTarget section */

/* Begin PBXProject section */
		439544F61E50A6B500F97267 /* Project object */ = {
			isa = PBXProject;
			attributes = {
				LastSwiftUpdateCheck = 0810;
				LastUpgradeCheck = 0810;
				ORGANIZATIONNAME = zhangbinbin;
				TargetAttributes = {
					4349C2E82084A6D30080E80F = {
						CreatedOnToolsVersion = 9.0;
						ProvisioningStyle = Automatic;
					};
					439544FD1E50A6B500F97267 = {
						CreatedOnToolsVersion = 8.1;
						ProvisioningStyle = Automatic;
					};
					439545141E50A6B500F97267 = {
						CreatedOnToolsVersion = 8.1;
						ProvisioningStyle = Automatic;
						TestTargetID = 439544FD1E50A6B500F97267;
					};
					4395451F1E50A6B500F97267 = {
						CreatedOnToolsVersion = 8.1;
						ProvisioningStyle = Automatic;
						TestTargetID = 439544FD1E50A6B500F97267;
					};
				};
			};
			buildConfigurationList = 439544F91E50A6B500F97267 /* Build configuration list for PBXProject "ZBBLearnSwift" */;
			compatibilityVersion = "Xcode 3.2";
			developmentRegion = English;
			hasScannedForEncodings = 0;
			knownRegions = (
				en,
				Base,
			);
			mainGroup = 439544F51E50A6B500F97267;
			productRefGroup = 439544FF1E50A6B500F97267 /* Products */;
			projectDirPath = "";
			projectRoot = "";
			targets = (
				439544FD1E50A6B500F97267 /* ZBBLearnSwift */,
				439545141E50A6B500F97267 /* ZBBLearnSwiftTests */,
				4395451F1E50A6B500F97267 /* ZBBLearnSwiftUITests */,
				4349C2E82084A6D30080E80F /* ZBBRunShell */,
			);
		};
/* End PBXProject section */

/* Begin PBXResourcesBuildPhase section */
		4349C2E72084A6D30080E80F /* Resources */ = {
			isa = PBXResourcesBuildPhase;
			buildActionMask = 2147483647;
			files = (
				4349C2F92084A8590080E80F /* NodeService.sh in Resources */,
			);
			runOnlyForDeploymentPostprocessing = 0;
		};
		439544FC1E50A6B500F97267 /* Resources */ = {
			isa = PBXResourcesBuildPhase;
			buildActionMask = 2147483647;
			files = (
				4395450F1E50A6B500F97267 /* LaunchScreen.storyboard in Resources */,
				4395450C1E50A6B500F97267 /* Assets.xcassets in Resources */,
				439545071E50A6B500F97267 /* Main.storyboard in Resources */,
			);
			runOnlyForDeploymentPostprocessing = 0;
		};
		439545131E50A6B500F97267 /* Resources */ = {
			isa = PBXResourcesBuildPhase;
			buildActionMask = 2147483647;
			files = (
			);
			runOnlyForDeploymentPostprocessing = 0;
		};
		4395451E1E50A6B500F97267 /* Resources */ = {
			isa = PBXResourcesBuildPhase;
			buildActionMask = 2147483647;
			files = (
			);
			runOnlyForDeploymentPostprocessing = 0;
		};
/* End PBXResourcesBuildPhase section */

/* Begin PBXShellScriptBuildPhase section */
		4349C2A0208495150080E80F /* Run Script */ = {
			isa = PBXShellScriptBuildPhase;
			buildActionMask = 2147483647;
			files = (
			);
			inputPaths = (
			);
			name = "Run Script";
			outputPaths = (
			);
			runOnlyForDeploymentPostprocessing = 0;
			shellPath = /bin/sh;
			shellScript = "";
		};
/* End PBXShellScriptBuildPhase section */

/* Begin PBXSourcesBuildPhase section */
		4349C2E42084A6D30080E80F /* Sources */ = {
			isa = PBXSourcesBuildPhase;
			buildActionMask = 2147483647;
			files = (
				4349C2F82084A74C0080E80F /* ZBBRunShellManager.m in Sources */,
			);
			runOnlyForDeploymentPostprocessing = 0;
		};
		439544FA1E50A6B500F97267 /* Sources */ = {
			isa = PBXSourcesBuildPhase;
			buildActionMask = 2147483647;
			files = (
				43460EF0208748C2002831C8 /* TextViewController.swift in Sources */,
				439545041E50A6B500F97267 /* ViewController.swift in Sources */,
				439545021E50A6B500F97267 /* AppDelegate.swift in Sources */,
				4395450A1E50A6B500F97267 /* ZBBLearnSwift.xcdatamodeld in Sources */,
				4349C29F20844D510080E80F /* WebViewController.swift in Sources */,
			);
			runOnlyForDeploymentPostprocessing = 0;
		};
		439545111E50A6B500F97267 /* Sources */ = {
			isa = PBXSourcesBuildPhase;
			buildActionMask = 2147483647;
			files = (
				4395451A1E50A6B500F97267 /* ZBBLearnSwiftTests.swift in Sources */,
			);
			runOnlyForDeploymentPostprocessing = 0;
		};
		4395451C1E50A6B500F97267 /* Sources */ = {
			isa = PBXSourcesBuildPhase;
			buildActionMask = 2147483647;
			files = (
				439545251E50A6B500F97267 /* ZBBLearnSwiftUITests.swift in Sources */,
			);
			runOnlyForDeploymentPostprocessing = 0;
		};
/* End PBXSourcesBuildPhase section */

/* Begin PBXTargetDependency section */
		4349C2EF2084A6D30080E80F /* PBXTargetDependency */ = {
			isa = PBXTargetDependency;
			target = 4349C2E82084A6D30080E80F /* ZBBRunShell */;
			targetProxy = 4349C2EE2084A6D30080E80F /* PBXContainerItemProxy */;
		};
		439545171E50A6B500F97267 /* PBXTargetDependency */ = {
			isa = PBXTargetDependency;
			target = 439544FD1E50A6B500F97267 /* ZBBLearnSwift */;
			targetProxy = 439545161E50A6B500F97267 /* PBXContainerItemProxy */;
		};
		439545221E50A6B500F97267 /* PBXTargetDependency */ = {
			isa = PBXTargetDependency;
			target = 439544FD1E50A6B500F97267 /* ZBBLearnSwift */;
			targetProxy = 439545211E50A6B500F97267 /* PBXContainerItemProxy */;
		};
/* End PBXTargetDependency section */

/* Begin PBXVariantGroup section */
		439545051E50A6B500F97267 /* Main.storyboard */ = {
			isa = PBXVariantGroup;
			children = (
				439545061E50A6B500F97267 /* Base */,
			);
			name = Main.storyboard;
			sourceTree = "<group>";
		};
		4395450D1E50A6B500F97267 /* LaunchScreen.storyboard */ = {
			isa = PBXVariantGroup;
			children = (
				4395450E1E50A6B500F97267 /* Base */,
			);
			name = LaunchScreen.storyboard;
			sourceTree = "<group>";
		};
/* End PBXVariantGroup section */

/* Begin XCBuildConfiguration section */
		4349C2F32084A6D30080E80F /* Debug */ = {
			isa = XCBuildConfiguration;
			buildSettings = {
				CLANG_ANALYZER_NUMBER_OBJECT_CONVERSION = YES_AGGRESSIVE;
				CLANG_CXX_LANGUAGE_STANDARD = "gnu++14";
				CLANG_WARN_BLOCK_CAPTURE_AUTORELEASING = YES;
				CLANG_WARN_COMMA = YES;
				CLANG_WARN_NON_LITERAL_NULL_CONVERSION = YES;
				CLANG_WARN_OBJC_LITERAL_CONVERSION = YES;
				CLANG_WARN_RANGE_LOOP_ANALYSIS = YES;
				CLANG_WARN_STRICT_PROTOTYPES = YES;
				CLANG_WARN_SUSPICIOUS_MOVE = YES;
				CLANG_WARN_UNGUARDED_AVAILABILITY = YES_AGGRESSIVE;
				CODE_SIGN_IDENTITY = "iPhone Developer";
				CODE_SIGN_STYLE = Automatic;
				CURRENT_PROJECT_VERSION = 1;
				DEFINES_MODULE = YES;
				DYLIB_COMPATIBILITY_VERSION = 1;
				DYLIB_CURRENT_VERSION = 1;
				DYLIB_INSTALL_NAME_BASE = "@rpath";
				GCC_C_LANGUAGE_STANDARD = gnu11;
				INFOPLIST_FILE = ZBBRunShell/Info.plist;
				INSTALL_PATH = "$(LOCAL_LIBRARY_DIR)/Frameworks";
				IPHONEOS_DEPLOYMENT_TARGET = 11.0;
				LD_RUNPATH_SEARCH_PATHS = "$(inherited) @executable_path/Frameworks @loader_path/Frameworks";
				PRODUCT_BUNDLE_IDENTIFIER = com..ZBBRunShell;
				PRODUCT_NAME = "$(TARGET_NAME:c99extidentifier)";
				SKIP_INSTALL = YES;
				TARGETED_DEVICE_FAMILY = "1,2";
				VERSIONING_SYSTEM = "apple-generic";
				VERSION_INFO_PREFIX = "";
			};
			name = Debug;
		};
		4349C2F42084A6D30080E80F /* Release */ = {
			isa = XCBuildConfiguration;
			buildSettings = {
				CLANG_ANALYZER_NUMBER_OBJECT_CONVERSION = YES_AGGRESSIVE;
				CLANG_CXX_LANGUAGE_STANDARD = "gnu++14";
				CLANG_WARN_BLOCK_CAPTURE_AUTORELEASING = YES;
				CLANG_WARN_COMMA = YES;
				CLANG_WARN_NON_LITERAL_NULL_CONVERSION = YES;
				CLANG_WARN_OBJC_LITERAL_CONVERSION = YES;
				CLANG_WARN_RANGE_LOOP_ANALYSIS = YES;
				CLANG_WARN_STRICT_PROTOTYPES = YES;
				CLANG_WARN_SUSPICIOUS_MOVE = YES;
				CLANG_WARN_UNGUARDED_AVAILABILITY = YES_AGGRESSIVE;
				CODE_SIGN_IDENTITY = "iPhone Developer";
				CODE_SIGN_STYLE = Automatic;
				CURRENT_PROJECT_VERSION = 1;
				DEFINES_MODULE = YES;
				DYLIB_COMPATIBILITY_VERSION = 1;
				DYLIB_CURRENT_VERSION = 1;
				DYLIB_INSTALL_NAME_BASE = "@rpath";
				GCC_C_LANGUAGE_STANDARD = gnu11;
				INFOPLIST_FILE = ZBBRunShell/Info.plist;
				INSTALL_PATH = "$(LOCAL_LIBRARY_DIR)/Frameworks";
				IPHONEOS_DEPLOYMENT_TARGET = 11.0;
				LD_RUNPATH_SEARCH_PATHS = "$(inherited) @executable_path/Frameworks @loader_path/Frameworks";
				PRODUCT_BUNDLE_IDENTIFIER = com..ZBBRunShell;
				PRODUCT_NAME = "$(TARGET_NAME:c99extidentifier)";
				SKIP_INSTALL = YES;
				TARGETED_DEVICE_FAMILY = "1,2";
				VERSIONING_SYSTEM = "apple-generic";
				VERSION_INFO_PREFIX = "";
			};
			name = Release;
		};
		439545271E50A6B500F97267 /* Debug */ = {
			isa = XCBuildConfiguration;
			buildSettings = {
				ALWAYS_SEARCH_USER_PATHS = NO;
				CLANG_ANALYZER_NONNULL = YES;
				CLANG_CXX_LANGUAGE_STANDARD = "gnu++0x";
				CLANG_CXX_LIBRARY = "libc++";
				CLANG_ENABLE_MODULES = YES;
				CLANG_ENABLE_OBJC_ARC = YES;
				CLANG_WARN_BOOL_CONVERSION = YES;
				CLANG_WARN_CONSTANT_CONVERSION = YES;
				CLANG_WARN_DIRECT_OBJC_ISA_USAGE = YES_ERROR;
				CLANG_WARN_DOCUMENTATION_COMMENTS = YES;
				CLANG_WARN_EMPTY_BODY = YES;
				CLANG_WARN_ENUM_CONVERSION = YES;
				CLANG_WARN_INFINITE_RECURSION = YES;
				CLANG_WARN_INT_CONVERSION = YES;
				CLANG_WARN_OBJC_ROOT_CLASS = YES_ERROR;
				CLANG_WARN_SUSPICIOUS_MOVES = YES;
				CLANG_WARN_UNREACHABLE_CODE = YES;
				CLANG_WARN__DUPLICATE_METHOD_MATCH = YES;
				"CODE_SIGN_IDENTITY[sdk=iphoneos*]" = "iPhone Developer";
				COPY_PHASE_STRIP = NO;
				DEBUG_INFORMATION_FORMAT = dwarf;
				ENABLE_STRICT_OBJC_MSGSEND = YES;
				ENABLE_TESTABILITY = YES;
				GCC_C_LANGUAGE_STANDARD = gnu99;
				GCC_DYNAMIC_NO_PIC = NO;
				GCC_NO_COMMON_BLOCKS = YES;
				GCC_OPTIMIZATION_LEVEL = 0;
				GCC_PREPROCESSOR_DEFINITIONS = (
					"DEBUG=1",
					"$(inherited)",
				);
				GCC_WARN_64_TO_32_BIT_CONVERSION = YES;
				GCC_WARN_ABOUT_RETURN_TYPE = YES_ERROR;
				GCC_WARN_UNDECLARED_SELECTOR = YES;
				GCC_WARN_UNINITIALIZED_AUTOS = YES_AGGRESSIVE;
				GCC_WARN_UNUSED_FUNCTION = YES;
				GCC_WARN_UNUSED_VARIABLE = YES;
				IPHONEOS_DEPLOYMENT_TARGET = 10.1;
				MTL_ENABLE_DEBUG_INFO = YES;
				ONLY_ACTIVE_ARCH = YES;
				SDKROOT = iphoneos;
				SWIFT_ACTIVE_COMPILATION_CONDITIONS = DEBUG;
				SWIFT_OPTIMIZATION_LEVEL = "-Onone";
			};
			name = Debug;
		};
		439545281E50A6B500F97267 /* Release */ = {
			isa = XCBuildConfiguration;
			buildSettings = {
				ALWAYS_SEARCH_USER_PATHS = NO;
				CLANG_ANALYZER_NONNULL = YES;
				CLANG_CXX_LANGUAGE_STANDARD = "gnu++0x";
				CLANG_CXX_LIBRARY = "libc++";
				CLANG_ENABLE_MODULES = YES;
				CLANG_ENABLE_OBJC_ARC = YES;
				CLANG_WARN_BOOL_CONVERSION = YES;
				CLANG_WARN_CONSTANT_CONVERSION = YES;
				CLANG_WARN_DIRECT_OBJC_ISA_USAGE = YES_ERROR;
				CLANG_WARN_DOCUMENTATION_COMMENTS = YES;
				CLANG_WARN_EMPTY_BODY = YES;
				CLANG_WARN_ENUM_CONVERSION = YES;
				CLANG_WARN_INFINITE_RECURSION = YES;
				CLANG_WARN_INT_CONVERSION = YES;
				CLANG_WARN_OBJC_ROOT_CLASS = YES_ERROR;
				CLANG_WARN_SUSPICIOUS_MOVES = YES;
				CLANG_WARN_UNREACHABLE_CODE = YES;
				CLANG_WARN__DUPLICATE_METHOD_MATCH = YES;
				"CODE_SIGN_IDENTITY[sdk=iphoneos*]" = "iPhone Developer";
				COPY_PHASE_STRIP = NO;
				DEBUG_INFORMATION_FORMAT = "dwarf-with-dsym";
				ENABLE_NS_ASSERTIONS = NO;
				ENABLE_STRICT_OBJC_MSGSEND = YES;
				GCC_C_LANGUAGE_STANDARD = gnu99;
				GCC_NO_COMMON_BLOCKS = YES;
				GCC_WARN_64_TO_32_BIT_CONVERSION = YES;
				GCC_WARN_ABOUT_RETURN_TYPE = YES_ERROR;
				GCC_WARN_UNDECLARED_SELECTOR = YES;
				GCC_WARN_UNINITIALIZED_AUTOS = YES_AGGRESSIVE;
				GCC_WARN_UNUSED_FUNCTION = YES;
				GCC_WARN_UNUSED_VARIABLE = YES;
				IPHONEOS_DEPLOYMENT_TARGET = 10.1;
				MTL_ENABLE_DEBUG_INFO = NO;
				SDKROOT = iphoneos;
				SWIFT_OPTIMIZATION_LEVEL = "-Owholemodule";
				VALIDATE_PRODUCT = YES;
			};
			name = Release;
		};
		4395452A1E50A6B500F97267 /* Debug */ = {
			isa = XCBuildConfiguration;
			buildSettings = {
				ASSETCATALOG_COMPILER_APPICON_NAME = AppIcon;
				CODE_SIGN_IDENTITY = "iPhone Developer";
				INFOPLIST_FILE = ZBBLearnSwift/Info.plist;
				LD_RUNPATH_SEARCH_PATHS = "$(inherited) @executable_path/Frameworks";
				PRODUCT_BUNDLE_IDENTIFIER = eengoo.ZBBLearnSwift;
				PRODUCT_NAME = "$(TARGET_NAME)";
				SWIFT_VERSION = 3.0;
			};
			name = Debug;
		};
		4395452B1E50A6B500F97267 /* Release */ = {
			isa = XCBuildConfiguration;
			buildSettings = {
				ASSETCATALOG_COMPILER_APPICON_NAME = AppIcon;
				CODE_SIGN_IDENTITY = "iPhone Developer";
				INFOPLIST_FILE = ZBBLearnSwift/Info.plist;
				LD_RUNPATH_SEARCH_PATHS = "$(inherited) @executable_path/Frameworks";
				PRODUCT_BUNDLE_IDENTIFIER = eengoo.ZBBLearnSwift;
				PRODUCT_NAME = "$(TARGET_NAME)";
				SWIFT_VERSION = 3.0;
			};
			name = Release;
		};
		4395452D1E50A6B500F97267 /* Debug */ = {
			isa = XCBuildConfiguration;
			buildSettings = {
				ALWAYS_EMBED_SWIFT_STANDARD_LIBRARIES = YES;
				BUNDLE_LOADER = "$(TEST_HOST)";
				INFOPLIST_FILE = ZBBLearnSwiftTests/Info.plist;
				LD_RUNPATH_SEARCH_PATHS = "$(inherited) @executable_path/Frameworks @loader_path/Frameworks";
				PRODUCT_BUNDLE_IDENTIFIER = eengoo.ZBBLearnSwiftTests;
				PRODUCT_NAME = "$(TARGET_NAME)";
				SWIFT_VERSION = 3.0;
				TEST_HOST = "$(BUILT_PRODUCTS_DIR)/ZBBLearnSwift.app/ZBBLearnSwift";
			};
			name = Debug;
		};
		4395452E1E50A6B500F97267 /* Release */ = {
			isa = XCBuildConfiguration;
			buildSettings = {
				ALWAYS_EMBED_SWIFT_STANDARD_LIBRARIES = YES;
				BUNDLE_LOADER = "$(TEST_HOST)";
				INFOPLIST_FILE = ZBBLearnSwiftTests/Info.plist;
				LD_RUNPATH_SEARCH_PATHS = "$(inherited) @executable_path/Frameworks @loader_path/Frameworks";
				PRODUCT_BUNDLE_IDENTIFIER = eengoo.ZBBLearnSwiftTests;
				PRODUCT_NAME = "$(TARGET_NAME)";
				SWIFT_VERSION = 3.0;
				TEST_HOST = "$(BUILT_PRODUCTS_DIR)/ZBBLearnSwift.app/ZBBLearnSwift";
			};
			name = Release;
		};
		439545301E50A6B500F97267 /* Debug */ = {
			isa = XCBuildConfiguration;
			buildSettings = {
				ALWAYS_EMBED_SWIFT_STANDARD_LIBRARIES = YES;
				INFOPLIST_FILE = ZBBLearnSwiftUITests/Info.plist;
				LD_RUNPATH_SEARCH_PATHS = "$(inherited) @executable_path/Frameworks @loader_path/Frameworks";
				PRODUCT_BUNDLE_IDENTIFIER = eengoo.ZBBLearnSwiftUITests;
				PRODUCT_NAME = "$(TARGET_NAME)";
				SWIFT_VERSION = 3.0;
				TEST_TARGET_NAME = ZBBLearnSwift;
			};
			name = Debug;
		};
		439545311E50A6B500F97267 /* Release */ = {
			isa = XCBuildConfiguration;
			buildSettings = {
				ALWAYS_EMBED_SWIFT_STANDARD_LIBRARIES = YES;
				INFOPLIST_FILE = ZBBLearnSwiftUITests/Info.plist;
				LD_RUNPATH_SEARCH_PATHS = "$(inherited) @executable_path/Frameworks @loader_path/Frameworks";
				PRODUCT_BUNDLE_IDENTIFIER = eengoo.ZBBLearnSwiftUITests;
				PRODUCT_NAME = "$(TARGET_NAME)";
				SWIFT_VERSION = 3.0;
				TEST_TARGET_NAME = ZBBLearnSwift;
			};
			name = Release;
		};
/* End XCBuildConfiguration section */

/* Begin XCConfigurationList section */
		4349C2F22084A6D30080E80F /* Build configuration list for PBXNativeTarget "ZBBRunShell" */ = {
			isa = XCConfigurationList;
			buildConfigurations = (
				4349C2F32084A6D30080E80F /* Debug */,
				4349C2F42084A6D30080E80F /* Release */,
			);
			defaultConfigurationIsVisible = 0;
			defaultConfigurationName = Release;
		};
		439544F91E50A6B500F97267 /* Build configuration list for PBXProject "ZBBLearnSwift" */ = {
			isa = XCConfigurationList;
			buildConfigurations = (
				439545271E50A6B500F97267 /* Debug */,
				439545281E50A6B500F97267 /* Release */,
			);
			defaultConfigurationIsVisible = 0;
			defaultConfigurationName = Release;
		};
		439545291E50A6B500F97267 /* Build configuration list for PBXNativeTarget "ZBBLearnSwift" */ = {
			isa = XCConfigurationList;
			buildConfigurations = (
				4395452A1E50A6B500F97267 /* Debug */,
				4395452B1E50A6B500F97267 /* Release */,
			);
			defaultConfigurationIsVisible = 0;
			defaultConfigurationName = Release;
		};
		4395452C1E50A6B500F97267 /* Build configuration list for PBXNativeTarget "ZBBLearnSwiftTests" */ = {
			isa = XCConfigurationList;
			buildConfigurations = (
				4395452D1E50A6B500F97267 /* Debug */,
				4395452E1E50A6B500F97267 /* Release */,
			);
			defaultConfigurationIsVisible = 0;
			defaultConfigurationName = Release;
		};
		4395452F1E50A6B500F97267 /* Build configuration list for PBXNativeTarget "ZBBLearnSwiftUITests" */ = {
			isa = XCConfigurationList;
			buildConfigurations = (
				439545301E50A6B500F97267 /* Debug */,
				439545311E50A6B500F97267 /* Release */,
			);
			defaultConfigurationIsVisible = 0;
			defaultConfigurationName = Release;
		};
/* End XCConfigurationList section */

/* Begin XCVersionGroup section */
		439545081E50A6B500F97267 /* ZBBLearnSwift.xcdatamodeld */ = {
			isa = XCVersionGroup;
			children = (
				439545091E50A6B500F97267 /* ZBBLearnSwift.xcdatamodel */,
			);
			currentVersion = 439545091E50A6B500F97267 /* ZBBLearnSwift.xcdatamodel */;
			path = ZBBLearnSwift.xcdatamodeld;
			sourceTree = "<group>";
			versionGroupType = wrapper.xcdatamodel;
		};
/* End XCVersionGroup section */
	};
	rootObject = 439544F61E50A6B500F97267 /* Project object */;
}
